
Microsoft Visual Studio Solution File, Format Version 12.00
# Visual Studio 15
VisualStudioVersion = 15.0.28307.329
MinimumVisualStudioVersion = 10.0.40219.1
Project("{FAE04EC0-301F-11D3-BF4B-00C04F79EFBC}") = "W24TP", "W24TP.csproj", "{30EDC926-32F6-4D56-96EF-BEC178F800F6}"
EndProject
Global
	GlobalSection(SolutionConfigurationPlatforms) = preSolution
		Debug|Any CPU = Debug|Any CPU
		Release|Any CPU = Release|Any CPU
	EndGlobalSection
	GlobalSection(ProjectConfigurationPlatforms) = postSolution
		{30EDC926-32F6-4D56-96EF-BEC178F800F6}.Debug|Any CPU.ActiveCfg = Debug|Any CPU
		{30EDC926-32F6-4D56-96EF-BEC178F800F6}.Debug|Any CPU.Build.0 = Debug|Any CPU
		{30EDC926-32F6-4D56-96EF-BEC178F800F6}.Release|Any CPU.ActiveCfg = Release|Any CPU
		{30EDC926-32F6-4D56-96EF-BEC178F800F6}.Release|Any CPU.Build.0 = Release|Any CPU
	EndGlobalSection
	GlobalSection(SolutionProperties) = preSolution
		HideSolutionNode = FALSE
	EndGlobalSection
	GlobalSection(ExtensibilityGlobals) = postSolution
		SolutionGuid = {4400EFD2-D509-4CE6-848B-1DA6FF380C8E}
	EndGlobalSection
EndGlobal
